
Microsoft Visual Studio Solution File, Format Version 12.00
# Visual Studio Version 16
VisualStudioVersion = 16.0.30114.105
MinimumVisualStudioVersion = 10.0.40219.1
Project("{FAE04EC0-301F-11D3-BF4B-00C04F79EFBC}") = "Website", "Website\Website.csproj", "{544355AA-A5E0-4D31-A78B-54DDCAA25991}"
EndProject
Project("{FAE04EC0-301F-11D3-BF4B-00C04F79EFBC}") = "Services", "Services\Services.csproj", "{74BD6C15-6084-48AF-B2D7-7C62764020FD}"
EndProject
Project("{FAE04EC0-301F-11D3-BF4B-00C04F79EFBC}") = "ConsoleApp", "ConsoleApp\ConsoleApp.csproj", "{F3E40F5E-3D82-401A-9B87-BF425745F73F}"
EndProject
Global
	GlobalSection(SolutionConfigurationPlatforms) = preSolution
		Debug|Any CPU = Debug|Any CPU
		Release|Any CPU = Release|Any CPU
	EndGlobalSection
	GlobalSection(SolutionProperties) = preSolution
		HideSolutionNode = FALSE
	EndGlobalSection
	GlobalSection(ProjectConfigurationPlatforms) = postSolution
		{544355AA-A5E0-4D31-A78B-54DDCAA25991}.Debug|Any CPU.ActiveCfg = Debug|Any CPU
		{544355AA-A5E0-4D31-A78B-54DDCAA25991}.Debug|Any CPU.Build.0 = Debug|Any CPU
		{544355AA-A5E0-4D31-A78B-54DDCAA25991}.Release|Any CPU.ActiveCfg = Release|Any CPU
		{544355AA-A5E0-4D31-A78B-54DDCAA25991}.Release|Any CPU.Build.0 = Release|Any CPU
		{74BD6C15-6084-48AF-B2D7-7C62764020FD}.Debug|Any CPU.ActiveCfg = Debug|Any CPU
		{74BD6C15-6084-48AF-B2D7-7C62764020FD}.Debug|Any CPU.Build.0 = Debug|Any CPU
		{74BD6C15-6084-48AF-B2D7-7C62764020FD}.Release|Any CPU.ActiveCfg = Release|Any CPU
		{74BD6C15-6084-48AF-B2D7-7C62764020FD}.Release|Any CPU.Build.0 = Release|Any CPU
		{F3E40F5E-3D82-401A-9B87-BF425745F73F}.Debug|Any CPU.ActiveCfg = Debug|Any CPU
		{F3E40F5E-3D82-401A-9B87-BF425745F73F}.Debug|Any CPU.Build.0 = Debug|Any CPU
		{F3E40F5E-3D82-401A-9B87-BF425745F73F}.Release|Any CPU.ActiveCfg = Release|Any CPU
		{F3E40F5E-3D82-401A-9B87-BF425745F73F}.Release|Any CPU.Build.0 = Release|Any CPU
	EndGlobalSection
EndGlobal
